
Microsoft Visual Studio Solution File, Format Version 12.00
# Visual Studio Version 16
VisualStudioVersion = 16.0.29709.97
MinimumVisualStudioVersion = 10.0.40219.1
Project("{FAE04EC0-301F-11D3-BF4B-00C04F79EFBC}") = "Project 2", "Project 2.csproj", "{3E47CDEF-470E-40C8-A801-08607D69B41A}"
EndProject
Global
	GlobalSection(SolutionConfigurationPlatforms) = preSolution
		Debug|Any CPU = Debug|Any CPU
		Release|Any CPU = Release|Any CPU
	EndGlobalSection
	GlobalSection(ProjectConfigurationPlatforms) = postSolution
		{3E47CDEF-470E-40C8-A801-08607D69B41A}.Debug|Any CPU.ActiveCfg = Debug|Any CPU
		{3E47CDEF-470E-40C8-A801-08607D69B41A}.Debug|Any CPU.Build.0 = Debug|Any CPU
		{3E47CDEF-470E-40C8-A801-08607D69B41A}.Release|Any CPU.ActiveCfg = Release|Any CPU
		{3E47CDEF-470E-40C8-A801-08607D69B41A}.Release|Any CPU.Build.0 = Release|Any CPU
	EndGlobalSection
	GlobalSection(SolutionProperties) = preSolution
		HideSolutionNode = FALSE
	EndGlobalSection
	GlobalSection(ExtensibilityGlobals) = postSolution
		SolutionGuid = {39615112-F638-4169-99DB-39C9554B722E}
	EndGlobalSection
EndGlobal
